// !$*UTF8*$!
{
	archiveVersion = 1;
	classes = {
	};
	objectVersion = 46;
	objects = {

/* Begin PBXBuildFile section */
		6EB5803A1F4F8B560021BEAA /* main.m in Sources */ = {isa = PBXBuildFile; fileRef = 6EB580391F4F8B560021BEAA /* main.m */; };
		6EB5803D1F4F8B560021BEAA /* AppDelegate.m in Sources */ = {isa = PBXBuildFile; fileRef = 6EB5803C1F4F8B560021BEAA /* AppDelegate.m */; };
		6EB580401F4F8B560021BEAA /* ViewController.m in Sources */ = {isa = PBXBuildFile; fileRef = 6EB5803F1F4F8B560021BEAA /* ViewController.m */; };
		6EB580431F4F8B560021BEAA /* Main.storyboard in Resources */ = {isa = PBXBuildFile; fileRef = 6EB580411F4F8B560021BEAA /* Main.storyboard */; };
		6EB580451F4F8B560021BEAA /* Assets.xcassets in Resources */ = {isa = PBXBuildFile; fileRef = 6EB580441F4F8B560021BEAA /* Assets.xcassets */; };
		6EB580481F4F8B560021BEAA /* LaunchScreen.storyboard in Resources */ = {isa = PBXBuildFile; fileRef = 6EB580461F4F8B560021BEAA /* LaunchScreen.storyboard */; };
		6EB580591F4F8B6D0021BEAA /* closedIcon.png in Resources */ = {isa = PBXBuildFile; fileRef = 6EB580511F4F8B6D0021BEAA /* closedIcon.png */; };
		6EB5805A1F4F8B6D0021BEAA /* openedIcon.png in Resources */ = {isa = PBXBuildFile; fileRef = 6EB580521F4F8B6D0021BEAA /* openedIcon.png */; };
		6EB5805B1F4F8B6D0021BEAA /* DBHTESection.m in Sources */ = {isa = PBXBuildFile; fileRef = 6EB580551F4F8B6D0021BEAA /* DBHTESection.m */; };
		6EB5805C1F4F8B6D0021BEAA /* DBHTETableViewController.m in Sources */ = {isa = PBXBuildFile; fileRef = 6EB580581F4F8B6D0021BEAA /* DBHTETableViewController.m */; };
/* End PBXBuildFile section */

/* Begin PBXFileReference section */
		6EB580351F4F8B560021BEAA /* TableExpander.app */ = {isa = PBXFileReference; explicitFileType = wrapper.application; includeInIndex = 0; path = TableExpander.app; sourceTree = BUILT_PRODUCTS_DIR; };
		6EB580391F4F8B560021BEAA /* main.m */ = {isa = PBXFileReference; lastKnownFileType = sourcecode.c.objc; path = main.m; sourceTree = "<group>"; };
		6EB5803B1F4F8B560021BEAA /* AppDelegate.h */ = {isa = PBXFileReference; lastKnownFileType = sourcecode.c.h; path = AppDelegate.h; sourceTree = "<group>"; };
		6EB5803C1F4F8B560021BEAA /* AppDelegate.m */ = {isa = PBXFileReference; lastKnownFileType = sourcecode.c.objc; path = AppDelegate.m; sourceTree = "<group>"; };
		6EB5803E1F4F8B560021BEAA /* ViewController.h */ = {isa = PBXFileReference; lastKnownFileType = sourcecode.c.h; path = ViewController.h; sourceTree = "<group>"; };
		6EB5803F1F4F8B560021BEAA /* ViewController.m */ = {isa = PBXFileReference; lastKnownFileType = sourcecode.c.objc; path = ViewController.m; sourceTree = "<group>"; };
		6EB580421F4F8B560021BEAA /* Base */ = {isa = PBXFileReference; lastKnownFileType = file.storyboard; name = Base; path = Base.lproj/Main.storyboard; sourceTree = "<group>"; };
		6EB580441F4F8B560021BEAA /* Assets.xcassets */ = {isa = PBXFileReference; lastKnownFileType = folder.assetcatalog; path = Assets.xcassets; sourceTree = "<group>"; };
		6EB580471F4F8B560021BEAA /* Base */ = {isa = PBXFileReference; lastKnownFileType = file.storyboard; name = Base; path = Base.lproj/LaunchScreen.storyboard; sourceTree = "<group>"; };
		6EB580491F4F8B560021BEAA /* Info.plist */ = {isa = PBXFileReference; lastKnownFileType = text.plist.xml; path = Info.plist; sourceTree = "<group>"; };
		6EB580511F4F8B6D0021BEAA /* closedIcon.png */ = {isa = PBXFileReference; lastKnownFileType = image.png; path = closedIcon.png; sourceTree = "<group>"; };
		6EB580521F4F8B6D0021BEAA /* openedIcon.png */ = {isa = PBXFileReference; lastKnownFileType = image.png; path = openedIcon.png; sourceTree = "<group>"; };
		6EB580541F4F8B6D0021BEAA /* DBHTESection.h */ = {isa = PBXFileReference; fileEncoding = 4; lastKnownFileType = sourcecode.c.h; path = DBHTESection.h; sourceTree = "<group>"; };
		6EB580551F4F8B6D0021BEAA /* DBHTESection.m */ = {isa = PBXFileReference; fileEncoding = 4; lastKnownFileType = sourcecode.c.objc; path = DBHTESection.m; sourceTree = "<group>"; };
		6EB580571F4F8B6D0021BEAA /* DBHTETableViewController.h */ = {isa = PBXFileReference; fileEncoding = 4; lastKnownFileType = sourcecode.c.h; path = DBHTETableViewController.h; sourceTree = "<group>"; };
		6EB580581F4F8B6D0021BEAA /* DBHTETableViewController.m */ = {isa = PBXFileReference; fileEncoding = 4; lastKnownFileType = sourcecode.c.objc; path = DBHTETableViewController.m; sourceTree = "<group>"; };
/* End PBXFileReference section */

/* Begin PBXFrameworksBuildPhase section */
		6EB580321F4F8B560021BEAA /* Frameworks */ = {
			isa = PBXFrameworksBuildPhase;
			buildActionMask = 2147483647;
			files = (
			);
			runOnlyForDeploymentPostprocessing = 0;
		};
/* End PBXFrameworksBuildPhase section */

/* Begin PBXGroup section */
		6EB5802C1F4F8B560021BEAA = {
			isa = PBXGroup;
			children = (
				6EB580371F4F8B560021BEAA /* TableExpander */,
				6EB580361F4F8B560021BEAA /* Products */,
			);
			sourceTree = "<group>";
		};
		6EB580361F4F8B560021BEAA /* Products */ = {
			isa = PBXGroup;
			children = (
				6EB580351F4F8B560021BEAA /* TableExpander.app */,
			);
			name = Products;
			sourceTree = "<group>";
		};
		6EB580371F4F8B560021BEAA /* TableExpander */ = {
			isa = PBXGroup;
			children = (
				6EB5803B1F4F8B560021BEAA /* AppDelegate.h */,
				6EB5803C1F4F8B560021BEAA /* AppDelegate.m */,
				6EB5804F1F4F8B6D0021BEAA /* DBHTE */,
				6EB5803E1F4F8B560021BEAA /* ViewController.h */,
				6EB5803F1F4F8B560021BEAA /* ViewController.m */,
				6EB580411F4F8B560021BEAA /* Main.storyboard */,
				6EB580441F4F8B560021BEAA /* Assets.xcassets */,
				6EB580461F4F8B560021BEAA /* LaunchScreen.storyboard */,
				6EB580491F4F8B560021BEAA /* Info.plist */,
				6EB580381F4F8B560021BEAA /* Supporting Files */,
			);
			path = TableExpander;
			sourceTree = "<group>";
		};
		6EB580381F4F8B560021BEAA /* Supporting Files */ = {
			isa = PBXGroup;
			children = (
				6EB580391F4F8B560021BEAA /* main.m */,
			);
			name = "Supporting Files";
			sourceTree = "<group>";
		};
		6EB5804F1F4F8B6D0021BEAA /* DBHTE */ = {
			isa = PBXGroup;
			children = (
				6EB580501F4F8B6D0021BEAA /* Resources */,
				6EB580531F4F8B6D0021BEAA /* Sections */,
				6EB580561F4F8B6D0021BEAA /* TableView */,
			);
			path = DBHTE;
			sourceTree = "<group>";
		};
		6EB580501F4F8B6D0021BEAA /* Resources */ = {
			isa = PBXGroup;
			children = (
				6EB580511F4F8B6D0021BEAA /* closedIcon.png */,
				6EB580521F4F8B6D0021BEAA /* openedIcon.png */,
			);
			path = Resources;
			sourceTree = "<group>";
		};
		6EB580531F4F8B6D0021BEAA /* Sections */ = {
			isa = PBXGroup;
			children = (
				6EB580541F4F8B6D0021BEAA /* DBHTESection.h */,
				6EB580551F4F8B6D0021BEAA /* DBHTESection.m */,
			);
			path = Sections;
			sourceTree = "<group>";
		};
		6EB580561F4F8B6D0021BEAA /* TableView */ = {
			isa = PBXGroup;
			children = (
				6EB580571F4F8B6D0021BEAA /* DBHTETableViewController.h */,
				6EB580581F4F8B6D0021BEAA /* DBHTETableViewController.m */,
			);
			path = TableView;
			sourceTree = "<group>";
		};
/* End PBXGroup section */

/* Begin PBXNativeTarget section */
		6EB580341F4F8B560021BEAA /* TableExpander */ = {
			isa = PBXNativeTarget;
			buildConfigurationList = 6EB5804C1F4F8B560021BEAA /* Build configuration list for PBXNativeTarget "TableExpander" */;
			buildPhases = (
				6EB580311F4F8B560021BEAA /* Sources */,
				6EB580321F4F8B560021BEAA /* Frameworks */,
				6EB580331F4F8B560021BEAA /* Resources */,
			);
			buildRules = (
			);
			dependencies = (
			);
			name = TableExpander;
			productName = TableExpander;
			productReference = 6EB580351F4F8B560021BEAA /* TableExpander.app */;
			productType = "com.apple.product-type.application";
		};
/* End PBXNativeTarget section */

/* Begin PBXProject section */
		6EB5802D1F4F8B560021BEAA /* Project object */ = {
			isa = PBXProject;
			attributes = {
				LastUpgradeCheck = 0830;
				ORGANIZATIONNAME = "Bharat Byan";
				TargetAttributes = {
					6EB580341F4F8B560021BEAA = {
						CreatedOnToolsVersion = 8.3.2;
						DevelopmentTeam = 45S5U7KJGD;
						ProvisioningStyle = Automatic;
					};
				};
			};
			buildConfigurationList = 6EB580301F4F8B560021BEAA /* Build configuration list for PBXProject "TableExpander" */;
			compatibilityVersion = "Xcode 3.2";
			developmentRegion = English;
			hasScannedForEncodings = 0;
			knownRegions = (
				en,
				Base,
			);
			mainGroup = 6EB5802C1F4F8B560021BEAA;
			productRefGroup = 6EB580361F4F8B560021BEAA /* Products */;
			projectDirPath = "";
			projectRoot = "";
			targets = (
				6EB580341F4F8B560021BEAA /* TableExpander */,
			);
		};
/* End PBXProject section */

/* Begin PBXResourcesBuildPhase section */
		6EB580331F4F8B560021BEAA /* Resources */ = {
			isa = PBXResourcesBuildPhase;
			buildActionMask = 2147483647;
			files = (
				6EB580591F4F8B6D0021BEAA /* closedIcon.png in Resources */,
				6EB580481F4F8B560021BEAA /* LaunchScreen.storyboard in Resources */,
				6EB5805A1F4F8B6D0021BEAA /* openedIcon.png in Resources */,
				6EB580451F4F8B560021BEAA /* Assets.xcassets in Resources */,
				6EB580431F4F8B560021BEAA /* Main.storyboard in Resources */,
			);
			runOnlyForDeploymentPostprocessing = 0;
		};
/* End PBXResourcesBuildPhase section */

/* Begin PBXSourcesBuildPhase section */
		6EB580311F4F8B560021BEAA /* Sources */ = {
			isa = PBXSourcesBuildPhase;
			buildActionMask = 2147483647;
			files = (
				6EB580401F4F8B560021BEAA /* ViewController.m in Sources */,
				6EB5805B1F4F8B6D0021BEAA /* DBHTESection.m in Sources */,
				6EB5803D1F4F8B560021BEAA /* AppDelegate.m in Sources */,
				6EB5803A1F4F8B560021BEAA /* main.m in Sources */,
				6EB5805C1F4F8B6D0021BEAA /* DBHTETableViewController.m in Sources */,
			);
			runOnlyForDeploymentPostprocessing = 0;
		};
/* End PBXSourcesBuildPhase section */

/* Begin PBXVariantGroup section */
		6EB580411F4F8B560021BEAA /* Main.storyboard */ = {
			isa = PBXVariantGroup;
			children = (
				6EB580421F4F8B560021BEAA /* Base */,
			);
			name = Main.storyboard;
			sourceTree = "<group>";
		};
		6EB580461F4F8B560021BEAA /* LaunchScreen.storyboard */ = {
			isa = PBXVariantGroup;
			children = (
				6EB580471F4F8B560021BEAA /* Base */,
			);
			name = LaunchScreen.storyboard;
			sourceTree = "<group>";
		};
/* End PBXVariantGroup section */

/* Begin XCBuildConfiguration section */
		6EB5804A1F4F8B560021BEAA /* Debug */ = {
			isa = XCBuildConfiguration;
			buildSettings = {
				ALWAYS_SEARCH_USER_PATHS = NO;
				CLANG_ANALYZER_NONNULL = YES;
				CLANG_ANALYZER_NUMBER_OBJECT_CONVERSION = YES_AGGRESSIVE;
				CLANG_CXX_LANGUAGE_STANDARD = "gnu++0x";
				CLANG_CXX_LIBRARY = "libc++";
				CLANG_ENABLE_MODULES = YES;
				CLANG_ENABLE_OBJC_ARC = YES;
				CLANG_WARN_BOOL_CONVERSION = YES;
				CLANG_WARN_CONSTANT_CONVERSION = YES;
				CLANG_WARN_DIRECT_OBJC_ISA_USAGE = YES_ERROR;
				CLANG_WARN_DOCUMENTATION_COMMENTS = YES;
				CLANG_WARN_EMPTY_BODY = YES;
				CLANG_WARN_ENUM_CONVERSION = YES;
				CLANG_WARN_INFINITE_RECURSION = YES;
				CLANG_WARN_INT_CONVERSION = YES;
				CLANG_WARN_OBJC_ROOT_CLASS = YES_ERROR;
				CLANG_WARN_SUSPICIOUS_MOVE = YES;
				CLANG_WARN_UNREACHABLE_CODE = YES;
				CLANG_WARN__DUPLICATE_METHOD_MATCH = YES;
				"CODE_SIGN_IDENTITY[sdk=iphoneos*]" = "iPhone Developer";
				COPY_PHASE_STRIP = NO;
				DEBUG_INFORMATION_FORMAT = dwarf;
				ENABLE_STRICT_OBJC_MSGSEND = YES;
				ENABLE_TESTABILITY = YES;
				GCC_C_LANGUAGE_STANDARD = gnu99;
				GCC_DYNAMIC_NO_PIC = NO;
				GCC_NO_COMMON_BLOCKS = YES;
				GCC_OPTIMIZATION_LEVEL = 0;
				GCC_PREPROCESSOR_DEFINITIONS = (
					"DEBUG=1",
					"$(inherited)",
				);
				GCC_WARN_64_TO_32_BIT_CONVERSION = YES;
				GCC_WARN_ABOUT_RETURN_TYPE = YES_ERROR;
				GCC_WARN_UNDECLARED_SELECTOR = YES;
				GCC_WARN_UNINITIALIZED_AUTOS = YES_AGGRESSIVE;
				GCC_WARN_UNUSED_FUNCTION = YES;
				GCC_WARN_UNUSED_VARIABLE = YES;
				IPHONEOS_DEPLOYMENT_TARGET = 10.3;
				MTL_ENABLE_DEBUG_INFO = YES;
				ONLY_ACTIVE_ARCH = YES;
				SDKROOT = iphoneos;
				TARGETED_DEVICE_FAMILY = "1,2";
			};
			name = Debug;
		};
		6EB5804B1F4F8B560021BEAA /* Release */ = {
			isa = XCBuildConfiguration;
			buildSettings = {
				ALWAYS_SEARCH_USER_PATHS = NO;
				CLANG_ANALYZER_NONNULL = YES;
				CLANG_ANALYZER_NUMBER_OBJECT_CONVERSION = YES_AGGRESSIVE;
				CLANG_CXX_LANGUAGE_STANDARD = "gnu++0x";
				CLANG_CXX_LIBRARY = "libc++";
				CLANG_ENABLE_MODULES = YES;
				CLANG_ENABLE_OBJC_ARC = YES;
				CLANG_WARN_BOOL_CONVERSION = YES;
				CLANG_WARN_CONSTANT_CONVERSION = YES;
				CLANG_WARN_DIRECT_OBJC_ISA_USAGE = YES_ERROR;
				CLANG_WARN_DOCUMENTATION_COMMENTS = YES;
				CLANG_WARN_EMPTY_BODY = YES;
				CLANG_WARN_ENUM_CONVERSION = YES;
				CLANG_WARN_INFINITE_RECURSION = YES;
				CLANG_WARN_INT_CONVERSION = YES;
				CLANG_WARN_OBJC_ROOT_CLASS = YES_ERROR;
				CLANG_WARN_SUSPICIOUS_MOVE = YES;
				CLANG_WARN_UNREACHABLE_CODE = YES;
				CLANG_WARN__DUPLICATE_METHOD_MATCH = YES;
				"CODE_SIGN_IDENTITY[sdk=iphoneos*]" = "iPhone Developer";
				COPY_PHASE_STRIP = NO;
				DEBUG_INFORMATION_FORMAT = "dwarf-with-dsym";
				ENABLE_NS_ASSERTIONS = NO;
				ENABLE_STRICT_OBJC_MSGSEND = YES;
				GCC_C_LANGUAGE_STANDARD = gnu99;
				GCC_NO_COMMON_BLOCKS = YES;
				GCC_WARN_64_TO_32_BIT_CONVERSION = YES;
				GCC_WARN_ABOUT_RETURN_TYPE = YES_ERROR;
				GCC_WARN_UNDECLARED_SELECTOR = YES;
				GCC_WARN_UNINITIALIZED_AUTOS = YES_AGGRESSIVE;
				GCC_WARN_UNUSED_FUNCTION = YES;
				GCC_WARN_UNUSED_VARIABLE = YES;
				IPHONEOS_DEPLOYMENT_TARGET = 10.3;
				MTL_ENABLE_DEBUG_INFO = NO;
				SDKROOT = iphoneos;
				TARGETED_DEVICE_FAMILY = "1,2";
				VALIDATE_PRODUCT = YES;
			};
			name = Release;
		};
		6EB5804D1F4F8B560021BEAA /* Debug */ = {
			isa = XCBuildConfiguration;
			buildSettings = {
				ASSETCATALOG_COMPILER_APPICON_NAME = AppIcon;
				DEVELOPMENT_TEAM = 45S5U7KJGD;
				INFOPLIST_FILE = TableExpander/Info.plist;
				LD_RUNPATH_SEARCH_PATHS = "$(inherited) @executable_path/Frameworks";
				PRODUCT_BUNDLE_IDENTIFIER = "com.testing.-.TableExpander";
				PRODUCT_NAME = "$(TARGET_NAME)";
			};
			name = Debug;
		};
		6EB5804E1F4F8B560021BEAA /* Release */ = {
			isa = XCBuildConfiguration;
			buildSettings = {
				ASSETCATALOG_COMPILER_APPICON_NAME = AppIcon;
				DEVELOPMENT_TEAM = 45S5U7KJGD;
				INFOPLIST_FILE = TableExpander/Info.plist;
				LD_RUNPATH_SEARCH_PATHS = "$(inherited) @executable_path/Frameworks";
				PRODUCT_BUNDLE_IDENTIFIER = "com.testing.-.TableExpander";
				PRODUCT_NAME = "$(TARGET_NAME)";
			};
			name = Release;
		};
/* End XCBuildConfiguration section */

/* Begin XCConfigurationList section */
		6EB580301F4F8B560021BEAA /* Build configuration list for PBXProject "TableExpander" */ = {
			isa = XCConfigurationList;
			buildConfigurations = (
				6EB5804A1F4F8B560021BEAA /* Debug */,
				6EB5804B1F4F8B560021BEAA /* Release */,
			);
			defaultConfigurationIsVisible = 0;
			defaultConfigurationName = Release;
		};
		6EB5804C1F4F8B560021BEAA /* Build configuration list for PBXNativeTarget "TableExpander" */ = {
			isa = XCConfigurationList;
			buildConfigurations = (
				6EB5804D1F4F8B560021BEAA /* Debug */,
				6EB5804E1F4F8B560021BEAA /* Release */,
			);
			defaultConfigurationIsVisible = 0;
		};
/* End XCConfigurationList section */
	};
	rootObject = 6EB5802D1F4F8B560021BEAA /* Project object */;
}
